{
    "_readme": [
        "This file locks the dependencies of your project to a known state",
        "Read more about it at https://getcomposer.org/doc/01-basic-usage.md#installing-dependencies",
        "This file is @generated automatically"
    ],
    "content-hash": "40880a961fcb2d2bbfe60d65401b503f",
    "packages": [
        {
            "name": "doctrine/cache",
            "version": "2.1.1",
            "source": {
                "type": "git",
                "url": "https://github.com/doctrine/cache.git",
                "reference": "331b4d5dbaeab3827976273e9356b3b453c300ce"
            },
            "dist": {
                "type": "zip",
                "url": "https://api.github.com/repos/doctrine/cache/zipball/331b4d5dbaeab3827976273e9356b3b453c300ce",
                "reference": "331b4d5dbaeab3827976273e9356b3b453c300ce",
                "shasum": ""
            },
            "require": {
                "php": "~7.1 || ^8.0"
            },
            "conflict": {
                "doctrine/common": ">2.2,<2.4"
            },
            "require-dev": {
                "alcaeus/mongo-php-adapter": "^1.1",
                "cache/integration-tests": "dev-master",
                "doctrine/coding-standard": "^8.0",
                "mongodb/mongodb": "^1.1",
                "phpunit/phpunit": "^7.0 || ^8.0 || ^9.0",
                "predis/predis": "~1.0",
                "psr/cache": "^1.0 || ^2.0 || ^3.0",
                "symfony/cache": "^4.4 || ^5.2 || ^6.0@dev",
                "symfony/var-exporter": "^4.4 || ^5.2 || ^6.0@dev"
            },
            "suggest": {
                "alcaeus/mongo-php-adapter": "Required to use legacy MongoDB driver"
            },
            "type": "library",
            "autoload": {
                "psr-4": {
                    "Doctrine\\Common\\Cache\\": "lib/Doctrine/Common/Cache"
                }
            },
            "notification-url": "https://packagist.org/downloads/",
            "license": [
                "MIT"
            ],
            "authors": [
                {
                    "name": "Guilherme Blanco",
                    "email": "guilhermeblanco@gmail.com"
                },
                {
                    "name": "Roman Borschel",
                    "email": "roman@code-factory.org"
                },
                {
                    "name": "Benjamin Eberlei",
                    "email": "kontakt@beberlei.de"
                },
                {
                    "name": "Jonathan Wage",
                    "email": "jonwage@gmail.com"
                },
                {
                    "name": "Johannes Schmitt",
                    "email": "schmittjoh@gmail.com"
                }
            ],
            "description": "PHP Doctrine Cache library is a popular cache implementation that supports many different drivers such as redis, memcache, apc, mongodb and others.",
            "homepage": "https://www.doctrine-project.org/projects/cache.html",
            "keywords": [
                "abstraction",
                "apcu",
                "cache",
                "caching",
                "couchdb",
                "memcached",
                "php",
                "redis",
                "xcache"
            ],
            "support": {
                "issues": "https://github.com/doctrine/cache/issues",
                "source": "https://github.com/doctrine/cache/tree/2.1.1"
            },
            "funding": [
                {
                    "url": "https://www.doctrine-project.org/sponsorship.html",
                    "type": "custom"
                },
                {
                    "url": "https://www.patreon.com/phpdoctrine",
                    "type": "patreon"
                },
                {
                    "url": "https://tidelift.com/funding/github/packagist/doctrine%2Fcache",
                    "type": "tidelift"
                }
            ],
            "time": "2021-07-17T14:49:29+00:00"
        },
        {
            "name": "doctrine/dbal",
            "version": "2.13.3",
            "source": {
                "type": "git",
                "url": "https://github.com/doctrine/dbal.git",
                "reference": "0d7adf4cadfee6f70850e5b163e6cdd706417838"
            },
            "dist": {
                "type": "zip",
                "url": "https://api.github.com/repos/doctrine/dbal/zipball/0d7adf4cadfee6f70850e5b163e6cdd706417838",
                "reference": "0d7adf4cadfee6f70850e5b163e6cdd706417838",
                "shasum": ""
            },
            "require": {
                "doctrine/cache": "^1.0|^2.0",
                "doctrine/deprecations": "^0.5.3",
                "doctrine/event-manager": "^1.0",
                "ext-pdo": "*",
                "php": "^7.1 || ^8"
            },
            "require-dev": {
                "doctrine/coding-standard": "9.0.0",
                "jetbrains/phpstorm-stubs": "2021.1",
                "phpstan/phpstan": "0.12.96",
                "phpunit/phpunit": "^7.5.20|^8.5|9.5.5",
                "psalm/plugin-phpunit": "0.16.1",
                "squizlabs/php_codesniffer": "3.6.0",
                "symfony/cache": "^4.4",
                "symfony/console": "^2.0.5|^3.0|^4.0|^5.0",
                "vimeo/psalm": "4.10.0"
            },
            "suggest": {
                "symfony/console": "For helpful console commands such as SQL execution and import of files."
            },
            "bin": [
                "bin/doctrine-dbal"
            ],
            "type": "library",
            "autoload": {
                "psr-4": {
                    "Doctrine\\DBAL\\": "lib/Doctrine/DBAL"
                }
            },
            "notification-url": "https://packagist.org/downloads/",
            "license": [
                "MIT"
            ],
            "authors": [
                {
                    "name": "Guilherme Blanco",
                    "email": "guilhermeblanco@gmail.com"
                },
                {
                    "name": "Roman Borschel",
                    "email": "roman@code-factory.org"
                },
                {
                    "name": "Benjamin Eberlei",
                    "email": "kontakt@beberlei.de"
                },
                {
                    "name": "Jonathan Wage",
                    "email": "jonwage@gmail.com"
                }
            ],
            "description": "Powerful PHP database abstraction layer (DBAL) with many features for database schema introspection and management.",
            "homepage": "https://www.doctrine-project.org/projects/dbal.html",
            "keywords": [
                "abstraction",
                "database",
                "db2",
                "dbal",
                "mariadb",
                "mssql",
                "mysql",
                "oci8",
                "oracle",
                "pdo",
                "pgsql",
                "postgresql",
                "queryobject",
                "sasql",
                "sql",
                "sqlanywhere",
                "sqlite",
                "sqlserver",
                "sqlsrv"
            ],
            "support": {
                "issues": "https://github.com/doctrine/dbal/issues",
                "source": "https://github.com/doctrine/dbal/tree/2.13.3"
            },
            "funding": [
                {
                    "url": "https://www.doctrine-project.org/sponsorship.html",
                    "type": "custom"
                },
                {
                    "url": "https://www.patreon.com/phpdoctrine",
                    "type": "patreon"
                },
                {
                    "url": "https://tidelift.com/funding/github/packagist/doctrine%2Fdbal",
                    "type": "tidelift"
                }
            ],
            "time": "2021-09-12T19:11:48+00:00"
        },
        {
            "name": "doctrine/deprecations",
            "version": "v0.5.3",
            "source": {
                "type": "git",
                "url": "https://github.com/doctrine/deprecations.git",
                "reference": "9504165960a1f83cc1480e2be1dd0a0478561314"
            },
            "dist": {
                "type": "zip",
                "url": "https://api.github.com/repos/doctrine/deprecations/zipball/9504165960a1f83cc1480e2be1dd0a0478561314",
                "reference": "9504165960a1f83cc1480e2be1dd0a0478561314",
                "shasum": ""
            },
            "require": {
                "php": "^7.1|^8.0"
            },
            "require-dev": {
                "doctrine/coding-standard": "^6.0|^7.0|^8.0",
                "phpunit/phpunit": "^7.0|^8.0|^9.0",
                "psr/log": "^1.0"
            },
            "suggest": {
                "psr/log": "Allows logging deprecations via PSR-3 logger implementation"
            },
            "type": "library",
            "autoload": {
                "psr-4": {
                    "Doctrine\\Deprecations\\": "lib/Doctrine/Deprecations"
                }
            },
            "notification-url": "https://packagist.org/downloads/",
            "license": [
                "MIT"
            ],
            "description": "A small layer on top of trigger_error(E_USER_DEPRECATED) or PSR-3 logging with options to disable all deprecations or selectively for packages.",
            "homepage": "https://www.doctrine-project.org/",
            "support": {
                "issues": "https://github.com/doctrine/deprecations/issues",
                "source": "https://github.com/doctrine/deprecations/tree/v0.5.3"
            },
            "time": "2021-03-21T12:59:47+00:00"
        },
        {
            "name": "doctrine/event-manager",
            "version": "1.1.1",
            "source": {
                "type": "git",
                "url": "https://github.com/doctrine/event-manager.git",
                "reference": "41370af6a30faa9dc0368c4a6814d596e81aba7f"
            },
            "dist": {
                "type": "zip",
                "url": "https://api.github.com/repos/doctrine/event-manager/zipball/41370af6a30faa9dc0368c4a6814d596e81aba7f",
                "reference": "41370af6a30faa9dc0368c4a6814d596e81aba7f",
                "shasum": ""
            },
            "require": {
                "php": "^7.1 || ^8.0"
            },
            "conflict": {
                "doctrine/common": "<2.9@dev"
            },
            "require-dev": {
                "doctrine/coding-standard": "^6.0",
                "phpunit/phpunit": "^7.0"
            },
            "type": "library",
            "extra": {
                "branch-alias": {
                    "dev-master": "1.0.x-dev"
                }
            },
            "autoload": {
                "psr-4": {
                    "Doctrine\\Common\\": "lib/Doctrine/Common"
                }
            },
            "notification-url": "https://packagist.org/downloads/",
            "license": [
                "MIT"
            ],
            "authors": [
                {
                    "name": "Guilherme Blanco",
                    "email": "guilhermeblanco@gmail.com"
                },
                {
                    "name": "Roman Borschel",
                    "email": "roman@code-factory.org"
                },
                {
                    "name": "Benjamin Eberlei",
                    "email": "kontakt@beberlei.de"
                },
                {
                    "name": "Jonathan Wage",
                    "email": "jonwage@gmail.com"
                },
                {
                    "name": "Johannes Schmitt",
                    "email": "schmittjoh@gmail.com"
                },
                {
                    "name": "Marco Pivetta",
                    "email": "ocramius@gmail.com"
                }
            ],
            "description": "The Doctrine Event Manager is a simple PHP event system that was built to be used with the various Doctrine projects.",
            "homepage": "https://www.doctrine-project.org/projects/event-manager.html",
            "keywords": [
                "event",
                "event dispatcher",
                "event manager",
                "event system",
                "events"
            ],
            "support": {
                "issues": "https://github.com/doctrine/event-manager/issues",
                "source": "https://github.com/doctrine/event-manager/tree/1.1.x"
            },
            "funding": [
                {
                    "url": "https://www.doctrine-project.org/sponsorship.html",
                    "type": "custom"
                },
                {
                    "url": "https://www.patreon.com/phpdoctrine",
                    "type": "patreon"
                },
                {
                    "url": "https://tidelift.com/funding/github/packagist/doctrine%2Fevent-manager",
                    "type": "tidelift"
                }
            ],
            "time": "2020-05-29T18:28:51+00:00"
        },
        {
            "name": "jawira/db-draw",
            "version": "v1.2.1",
            "source": {
                "type": "git",
                "url": "https://github.com/jawira/db-draw.git",
                "reference": "9a3abbd2c6d64384dc741b6924de9a3fdddce5f9"
            },
            "dist": {
                "type": "zip",
                "url": "https://api.github.com/repos/jawira/db-draw/zipball/9a3abbd2c6d64384dc741b6924de9a3fdddce5f9",
                "reference": "9a3abbd2c6d64384dc741b6924de9a3fdddce5f9",
                "shasum": ""
            },
            "require": {
                "doctrine/dbal": "^2.5",
                "jawira/the-lost-functions": "^1.1",
                "php": "^7.3 || ^8.0"
            },
            "require-dev": {
                "ergebnis/composer-normalize": "^2.13",
                "ext-dom": "*",
                "ext-mbstring": "*",
                "ext-xml": "*",
                "friendsofphp/php-cs-fixer": "^3.0",
                "jawira/plantuml": "^1.59",
                "jawira/plantuml-client": "^1.0",
                "jawira/skeleton": "^2.0",
                "phpstan/phpstan": "^0.12.82",
                "phpunit/phpunit": "^9.5"
            },
            "type": "library",
            "autoload": {
                "psr-4": {
                    "Jawira\\DbDraw\\": "src"
                }
            },
            "notification-url": "https://packagist.org/downloads/",
            "license": [
                "MIT"
            ],
            "authors": [
                {
                    "name": "Jawira Portugal"
                }
            ],
            "description": "📐 Create an ER diagram from your existing DB",
            "keywords": [
                "database",
                "db",
                "dbal",
                "diagram",
                "doctrine"
            ],
            "support": {
                "issues": "https://github.com/jawira/db-draw/issues",
                "source": "https://github.com/jawira/db-draw/tree/v1.2.1"
            },
            "time": "2021-09-08T21:46:31+00:00"
        },
        {
            "name": "jawira/the-lost-functions",
            "version": "v1.4.3",
            "source": {
                "type": "git",
                "url": "https://gitlab.com/jawira/the-lost-functions.git",
                "reference": "60158166536965e3da0f7e2b87f6a3fe77da58b2"
            },
            "dist": {
                "type": "zip",
                "url": "https://gitlab.com/api/v4/projects/jawira%2Fthe-lost-functions/repository/archive.zip?sha=60158166536965e3da0f7e2b87f6a3fe77da58b2",
                "reference": "60158166536965e3da0f7e2b87f6a3fe77da58b2",
                "shasum": ""
            },
            "require": {
                "php": ">=7.3"
            },
            "require-dev": {
                "ergebnis/composer-normalize": "^2.13",
                "friendsofphp/php-cs-fixer": "^3.0",
                "jawira/skeleton": "^2.5",
                "phpunit/phpunit": "^9.5"
            },
            "type": "library",
            "autoload": {
                "files": [
                    "src/functions.php"
                ]
            },
            "notification-url": "https://packagist.org/downloads/",
            "license": [
                "MIT"
            ],
            "authors": [
                {
                    "name": "Jawira Portugal",
                    "email": "dev@tugal.be"
                }
            ],
            "description": "Collection of convenience functions.",
            "keywords": [
                "Year",
                "array",
                "function",
                "get_class"
            ],
            "support": {
                "issues": "https://gitlab.com/api/v4/projects/21413730/issues"
            },
            "time": "2021-08-29T09:07:07+00:00"
        }
    ],
    "packages-dev": [
        {
            "name": "ergebnis/composer-normalize",
            "version": "2.15.0",
            "source": {
                "type": "git",
                "url": "https://github.com/ergebnis/composer-normalize.git",
                "reference": "d469a15b916441959446d52a0f5d3fc9f7720317"
            },
            "dist": {
                "type": "zip",
                "url": "https://api.github.com/repos/ergebnis/composer-normalize/zipball/d469a15b916441959446d52a0f5d3fc9f7720317",
                "reference": "d469a15b916441959446d52a0f5d3fc9f7720317",
                "shasum": ""
            },
            "require": {
                "composer-plugin-api": "^1.1.0 || ^2.0.0",
                "ergebnis/json-normalizer": "^1.0.3",
                "ergebnis/json-printer": "^3.1.1",
                "justinrainbow/json-schema": "^5.2.10",
                "localheinz/diff": "^1.1.1",
                "php": "^7.2 || ^8.0"
            },
            "require-dev": {
                "composer/composer": "^1.10.22 || ^2.0.13",
                "ergebnis/license": "^1.1.0",
                "ergebnis/php-cs-fixer-config": "^2.14.0",
                "ergebnis/phpstan-rules": "~0.15.3",
                "ergebnis/test-util": "^1.5.0",
                "phpstan/extension-installer": "^1.1.0",
                "phpstan/phpstan": "~0.12.89",
                "phpstan/phpstan-deprecation-rules": "~0.12.6",
                "phpstan/phpstan-phpunit": "~0.12.19",
                "phpstan/phpstan-strict-rules": "~0.12.9",
                "phpunit/phpunit": "^8.5.16",
                "psalm/plugin-phpunit": "~0.16.0",
                "symfony/filesystem": "^5.3.0",
                "vimeo/psalm": "^4.7.3"
            },
            "type": "composer-plugin",
            "extra": {
                "class": "Ergebnis\\Composer\\Normalize\\NormalizePlugin",
                "composer-normalize": {
                    "indent-size": 2,
                    "indent-style": "space"
                }
            },
            "autoload": {
                "psr-4": {
                    "Ergebnis\\Composer\\Normalize\\": "src/"
                }
            },
            "notification-url": "https://packagist.org/downloads/",
            "license": [
                "MIT"
            ],
            "authors": [
                {
                    "name": "Andreas Möller",
                    "email": "am@localheinz.com"
                }
            ],
            "description": "Provides a composer plugin for normalizing composer.json.",
            "homepage": "https://github.com/ergebnis/composer-normalize",
            "keywords": [
                "composer",
                "normalize",
                "normalizer",
                "plugin"
            ],
            "support": {
                "issues": "https://github.com/ergebnis/composer-normalize/issues",
                "source": "https://github.com/ergebnis/composer-normalize"
            },
            "funding": [
                {
                    "url": "https://github.com/localheinz",
                    "type": "github"
                }
            ],
            "time": "2021-06-15T08:06:45+00:00"
        },
        {
            "name": "ergebnis/json-normalizer",
            "version": "1.0.3",
            "source": {
                "type": "git",
                "url": "https://github.com/ergebnis/json-normalizer.git",
                "reference": "4a7f064ce34d5a2e382564565cdd433dbc5b9494"
            },
            "dist": {
                "type": "zip",
                "url": "https://api.github.com/repos/ergebnis/json-normalizer/zipball/4a7f064ce34d5a2e382564565cdd433dbc5b9494",
                "reference": "4a7f064ce34d5a2e382564565cdd433dbc5b9494",
                "shasum": ""
            },
            "require": {
                "ergebnis/json-printer": "^3.1.1",
                "ext-json": "*",
                "justinrainbow/json-schema": "^5.2.10",
                "php": "^7.2 || ^8.0"
            },
            "require-dev": {
                "ergebnis/license": "^1.1.0",
                "ergebnis/php-cs-fixer-config": "^2.10.0",
                "ergebnis/phpstan-rules": "~0.15.3",
                "ergebnis/test-util": "^1.4.0",
                "infection/infection": "~0.15.3",
                "jangregor/phpstan-prophecy": "~0.8.1",
                "phpstan/extension-installer": "^1.1.0",
                "phpstan/phpstan": "~0.12.80",
                "phpstan/phpstan-deprecation-rules": "~0.12.6",
                "phpstan/phpstan-phpunit": "~0.12.17",
                "phpstan/phpstan-strict-rules": "~0.12.9",
                "phpunit/phpunit": "^8.5.14",
                "psalm/plugin-phpunit": "~0.12.2",
                "vimeo/psalm": "^3.18"
            },
            "type": "library",
            "autoload": {
                "psr-4": {
                    "Ergebnis\\Json\\Normalizer\\": "src/"
                }
            },
            "notification-url": "https://packagist.org/downloads/",
            "license": [
                "MIT"
            ],
            "authors": [
                {
                    "name": "Andreas Möller",
                    "email": "am@localheinz.com"
                }
            ],
            "description": "Provides generic and vendor-specific normalizers for normalizing JSON documents.",
            "homepage": "https://github.com/ergebnis/json-normalizer",
            "keywords": [
                "json",
                "normalizer"
            ],
            "support": {
                "issues": "https://github.com/ergebnis/json-normalizer/issues",
                "source": "https://github.com/ergebnis/json-normalizer"
            },
            "funding": [
                {
                    "url": "https://github.com/localheinz",
                    "type": "github"
                }
            ],
            "time": "2021-03-06T13:33:57+00:00"
        },
        {
            "name": "ergebnis/json-printer",
            "version": "3.1.1",
            "source": {
                "type": "git",
                "url": "https://github.com/ergebnis/json-printer.git",
                "reference": "e4190dadd9937a77d8afcaf2b6c42a528ab367d6"
            },
            "dist": {
                "type": "zip",
                "url": "https://api.github.com/repos/ergebnis/json-printer/zipball/e4190dadd9937a77d8afcaf2b6c42a528ab367d6",
                "reference": "e4190dadd9937a77d8afcaf2b6c42a528ab367d6",
                "shasum": ""
            },
            "require": {
                "ext-json": "*",
                "ext-mbstring": "*",
                "php": "^7.2 || ^8.0"
            },
            "require-dev": {
                "ergebnis/license": "^1.0.0",
                "ergebnis/php-cs-fixer-config": "^2.2.1",
                "ergebnis/phpstan-rules": "~0.15.2",
                "ergebnis/test-util": "^1.1.0",
                "infection/infection": "~0.15.3",
                "phpstan/extension-installer": "^1.0.4",
                "phpstan/phpstan": "~0.12.40",
                "phpstan/phpstan-deprecation-rules": "~0.12.5",
                "phpstan/phpstan-phpunit": "~0.12.16",
                "phpstan/phpstan-strict-rules": "~0.12.4",
                "phpunit/phpunit": "^8.5.8",
                "psalm/plugin-phpunit": "~0.11.0",
                "vimeo/psalm": "^3.14.2"
            },
            "type": "library",
            "autoload": {
                "psr-4": {
                    "Ergebnis\\Json\\Printer\\": "src/"
                }
            },
            "notification-url": "https://packagist.org/downloads/",
            "license": [
                "MIT"
            ],
            "authors": [
                {
                    "name": "Andreas Möller",
                    "email": "am@localheinz.com"
                }
            ],
            "description": "Provides a JSON printer, allowing for flexible indentation.",
            "homepage": "https://github.com/ergebnis/json-printer",
            "keywords": [
                "formatter",
                "json",
                "printer"
            ],
            "support": {
                "issues": "https://github.com/ergebnis/json-printer/issues",
                "source": "https://github.com/ergebnis/json-printer"
            },
            "funding": [
                {
                    "url": "https://github.com/localheinz",
                    "type": "github"
                }
            ],
            "time": "2020-08-30T12:17:03+00:00"
        },
        {
            "name": "jawira/skeleton",
            "version": "v2.6.0",
            "source": {
                "type": "git",
                "url": "https://github.com/jawira/skeleton.git",
                "reference": "ce13cd126997c6a7030049f5207f11616fddf0f8"
            },
            "dist": {
                "type": "zip",
                "url": "https://api.github.com/repos/jawira/skeleton/zipball/ce13cd126997c6a7030049f5207f11616fddf0f8",
                "reference": "ce13cd126997c6a7030049f5207f11616fddf0f8",
                "shasum": ""
            },
            "suggest": {
                "pds/skeleton": "Standard PHP package skeleton",
                "phing/phing": "PHP build tool"
            },
            "type": "library",
            "notification-url": "https://packagist.org/downloads/",
            "license": [
                "MIT"
            ],
            "authors": [
                {
                    "name": "Jawira Portugal",
                    "email": "dev@tugal.be"
                }
            ],
            "description": "Common files I use in all my projects",
            "support": {
                "issues": "https://github.com/jawira/skeleton/issues",
                "source": "https://github.com/jawira/skeleton/tree/v2.6.0"
            },
            "time": "2021-09-09T12:42:50+00:00"
        },
        {
            "name": "justinrainbow/json-schema",
            "version": "5.2.11",
            "source": {
                "type": "git",
                "url": "https://github.com/justinrainbow/json-schema.git",
                "reference": "2ab6744b7296ded80f8cc4f9509abbff393399aa"
            },
            "dist": {
                "type": "zip",
                "url": "https://api.github.com/repos/justinrainbow/json-schema/zipball/2ab6744b7296ded80f8cc4f9509abbff393399aa",
                "reference": "2ab6744b7296ded80f8cc4f9509abbff393399aa",
                "shasum": ""
            },
            "require": {
                "php": ">=5.3.3"
            },
            "require-dev": {
                "friendsofphp/php-cs-fixer": "~2.2.20||~2.15.1",
                "json-schema/json-schema-test-suite": "1.2.0",
                "phpunit/phpunit": "^4.8.35"
            },
            "bin": [
                "bin/validate-json"
            ],
            "type": "library",
            "extra": {
                "branch-alias": {
                    "dev-master": "5.0.x-dev"
                }
            },
            "autoload": {
                "psr-4": {
                    "JsonSchema\\": "src/JsonSchema/"
                }
            },
            "notification-url": "https://packagist.org/downloads/",
            "license": [
                "MIT"
            ],
            "authors": [
                {
                    "name": "Bruno Prieto Reis",
                    "email": "bruno.p.reis@gmail.com"
                },
                {
                    "name": "Justin Rainbow",
                    "email": "justin.rainbow@gmail.com"
                },
                {
                    "name": "Igor Wiedler",
                    "email": "igor@wiedler.ch"
                },
                {
                    "name": "Robert Schönthal",
                    "email": "seroscho@googlemail.com"
                }
            ],
            "description": "A library to validate a json schema.",
            "homepage": "https://github.com/justinrainbow/json-schema",
            "keywords": [
                "json",
                "schema"
            ],
            "support": {
                "issues": "https://github.com/justinrainbow/json-schema/issues",
                "source": "https://github.com/justinrainbow/json-schema/tree/5.2.11"
            },
            "time": "2021-07-22T09:24:00+00:00"
        },
        {
            "name": "localheinz/diff",
            "version": "1.1.1",
            "source": {
                "type": "git",
                "url": "https://github.com/localheinz/diff.git",
                "reference": "851bb20ea8358c86f677f5f111c4ab031b1c764c"
            },
            "dist": {
                "type": "zip",
                "url": "https://api.github.com/repos/localheinz/diff/zipball/851bb20ea8358c86f677f5f111c4ab031b1c764c",
                "reference": "851bb20ea8358c86f677f5f111c4ab031b1c764c",
                "shasum": ""
            },
            "require": {
                "php": "^7.1 || ^8.0"
            },
            "require-dev": {
                "phpunit/phpunit": "^7.5 || ^8.0",
                "symfony/process": "^4.2 || ^5"
            },
            "type": "library",
            "autoload": {
                "classmap": [
                    "src/"
                ]
            },
            "notification-url": "https://packagist.org/downloads/",
            "license": [
                "BSD-3-Clause"
            ],
            "authors": [
                {
                    "name": "Sebastian Bergmann",
                    "email": "sebastian@phpunit.de"
                },
                {
                    "name": "Kore Nordmann",
                    "email": "mail@kore-nordmann.de"
                }
            ],
            "description": "Fork of sebastian/diff for use with ergebnis/composer-normalize",
            "homepage": "https://github.com/localheinz/diff",
            "keywords": [
                "diff",
                "udiff",
                "unidiff",
                "unified diff"
            ],
            "support": {
                "source": "https://github.com/localheinz/diff/tree/main"
            },
            "funding": [
                {
                    "url": "https://github.com/sebastianbergmann",
                    "type": "github"
                }
            ],
            "time": "2020-07-06T04:49:32+00:00"
        }
    ],
    "aliases": [],
    "minimum-stability": "stable",
    "stability-flags": [],
    "prefer-stable": false,
    "prefer-lowest": false,
    "platform": [],
    "platform-dev": [],
    "plugin-api-version": "2.1.0"
}
